
Microsoft Visual Studio Solution File, Format Version 12.00
# Visual Studio Version 17
VisualStudioVersion = 17.3.32901.215
MinimumVisualStudioVersion = 10.0.40219.1
Project("{FAE04EC0-301F-11D3-BF4B-00C04F79EFBC}") = "ödev1-826", "ödev1-826\ödev1-826.csproj", "{084CBC6F-2814-4062-A358-65A3512BA52E}"
EndProject
Global
	GlobalSection(SolutionConfigurationPlatforms) = preSolution
		Debug|Any CPU = Debug|Any CPU
		Release|Any CPU = Release|Any CPU
	EndGlobalSection
	GlobalSection(ProjectConfigurationPlatforms) = postSolution
		{084CBC6F-2814-4062-A358-65A3512BA52E}.Debug|Any CPU.ActiveCfg = Debug|Any CPU
		{084CBC6F-2814-4062-A358-65A3512BA52E}.Debug|Any CPU.Build.0 = Debug|Any CPU
		{084CBC6F-2814-4062-A358-65A3512BA52E}.Release|Any CPU.ActiveCfg = Release|Any CPU
		{084CBC6F-2814-4062-A358-65A3512BA52E}.Release|Any CPU.Build.0 = Release|Any CPU
	EndGlobalSection
	GlobalSection(SolutionProperties) = preSolution
		HideSolutionNode = FALSE
	EndGlobalSection
	GlobalSection(ExtensibilityGlobals) = postSolution
		SolutionGuid = {65353583-224B-401F-B812-2B008196A679}
	EndGlobalSection
EndGlobal
